{
  "version": 4,
  "terraform_version": "1.5.7",
  "serial": 9,
  "lineage": "15cc5c27-1368-6c8c-4376-a10591b6dcfe",
  "outputs": {
    "security_group_id": {
      "value": "sg-0719be29b1e4a8af1",
      "type": "string"
    },
    "subnet_id": {
      "value": "subnet-02e31fa484d96d4d9",
      "type": "string"
    },
    "vpc_id": {
      "value": "vpc-017808e1c8274b5fb",
      "type": "string"
    }
  },
  "resources": [
    {
      "mode": "data",
      "type": "aws_ami",
      "name": "amazon_linux_2023",
      "provider": "provider[\"registry.terraform.io/hashicorp/aws\"]",
      "instances": [
        {
          "schema_version": 0,
          "attributes": {
            "architecture": "x86_64",
            "arn": "arn:aws:ec2:us-east-1::image/ami-0724302e25d16f8f2",
            "block_device_mappings": [
              {
                "device_name": "/dev/xvda",
                "ebs": {
                  "delete_on_termination": "true",
                  "encrypted": "false",
                  "iops": "3000",
                  "snapshot_id": "snap-09233baf0086b9107",
                  "throughput": "125",
                  "volume_initialization_rate": "0",
                  "volume_size": "30",
                  "volume_type": "gp3"
                },
                "no_device": "",
                "virtual_name": ""
              }
            ],
            "boot_mode": "uefi-preferred",
            "creation_date": "2026-01-14T20:53:49.000Z",
            "deprecation_time": "2028-01-14T20:53:49.000Z",
            "description": "Amazon Linux AMI 2023.0.20260114 x86_64 ECS HVM EBS",
            "ena_support": true,
            "executable_users": null,
            "filter": [
              {
                "name": "name",
                "values": [
                  "al2023-ami-*-x86_64"
                ]
              },
              {
                "name": "virtualization-type",
                "values": [
                  "hvm"
                ]
              }
            ],
            "hypervisor": "xen",
            "id": "ami-0724302e25d16f8f2",
            "image_id": "ami-0724302e25d16f8f2",
            "image_location": "amazon/al2023-ami-ecs-hvm-2023.0.20260114-kernel-6.1-x86_64",
            "image_owner_alias": "amazon",
            "image_type": "machine",
            "imds_support": "v2.0",
            "include_deprecated": false,
            "kernel_id": "",
            "last_launched_time": "",
            "most_recent": true,
            "name": "al2023-ami-ecs-hvm-2023.0.20260114-kernel-6.1-x86_64",
            "name_regex": null,
            "owner_id": "591542846629",
            "owners": [
              "amazon"
            ],
            "platform": "",
            "platform_details": "Linux/UNIX",
            "product_codes": [],
            "public": true,
            "ramdisk_id": "",
            "root_device_name": "/dev/xvda",
            "root_device_type": "ebs",
            "root_snapshot_id": "snap-09233baf0086b9107",
            "sriov_net_support": "simple",
            "state": "available",
            "state_reason": {
              "code": "UNSET",
              "message": "UNSET"
            },
            "tags": {},
            "timeouts": null,
            "tpm_support": "",
            "uefi_data": null,
            "usage_operation": "RunInstances",
            "virtualization_type": "hvm"
          },
          "sensitive_attributes": []
        }
      ]
    },
    {
      "mode": "data",
      "type": "aws_availability_zones",
      "name": "available",
      "provider": "provider[\"registry.terraform.io/hashicorp/aws\"]",
      "instances": [
        {
          "schema_version": 0,
          "attributes": {
            "all_availability_zones": null,
            "exclude_names": null,
            "exclude_zone_ids": null,
            "filter": null,
            "group_names": [
              "us-east-1-zg-1"
            ],
            "id": "us-east-1",
            "names": [
              "us-east-1a",
              "us-east-1b",
              "us-east-1c",
              "us-east-1d",
              "us-east-1e",
              "us-east-1f"
            ],
            "state": "available",
            "timeouts": null,
            "zone_ids": [
              "use1-az1",
              "use1-az2",
              "use1-az4",
              "use1-az6",
              "use1-az3",
              "use1-az5"
            ]
          },
          "sensitive_attributes": []
        }
      ]
    },
    {
      "mode": "managed",
      "type": "aws_eip",
      "name": "k3s",
      "provider": "provider[\"registry.terraform.io/hashicorp/aws\"]",
      "instances": []
    },
    {
      "mode": "managed",
      "type": "aws_internet_gateway",
      "name": "main",
      "provider": "provider[\"registry.terraform.io/hashicorp/aws\"]",
      "instances": [
        {
          "schema_version": 0,
          "attributes": {
            "arn": "arn:aws:ec2:us-east-1:376129851160:internet-gateway/igw-00239d5bb38ceb3d4",
            "id": "igw-00239d5bb38ceb3d4",
            "owner_id": "376129851160",
            "tags": {
              "Environment": "production",
              "Name": "payment-gateway-igw"
            },
            "tags_all": {
              "Environment": "production",
              "Name": "payment-gateway-igw"
            },
            "timeouts": null,
            "vpc_id": "vpc-017808e1c8274b5fb"
          },
          "sensitive_attributes": [],
          "private": "eyJlMmJmYjczMC1lY2FhLTExZTYtOGY4OC0zNDM2M2JjN2M0YzAiOnsiY3JlYXRlIjoxMjAwMDAwMDAwMDAwLCJkZWxldGUiOjEyMDAwMDAwMDAwMDAsInVwZGF0ZSI6MTIwMDAwMDAwMDAwMH19",
          "dependencies": [
            "aws_vpc.main"
          ]
        }
      ]
    },
    {
      "mode": "managed",
      "type": "aws_key_pair",
      "name": "k3s",
      "provider": "provider[\"registry.terraform.io/hashicorp/aws\"]",
      "instances": [
        {
          "schema_version": 1,
          "attributes": {
            "arn": "arn:aws:ec2:us-east-1:376129851160:key-pair/payment-gateway-k3s-key",
            "fingerprint": "55:cc:83:70:8b:4a:90:60:cd:75:74:8e:da:be:6a:34",
            "id": "payment-gateway-k3s-key",
            "key_name": "payment-gateway-k3s-key",
            "key_name_prefix": "",
            "key_pair_id": "key-09d7abbc829b2a93e",
            "key_type": "rsa",
            "public_key": "ssh-rsa AAAAB3NzaC1yc2EAAAADAQABAAACAQDvGGavBvAbraGbjmWHK4m3hv1xsrMkfMlA0Yy7txL1jnPbPuMfrkCZbdi+Aj3LnOdhsCRlsqMsQFQpx8N2z+87c9z54oM0ihW2rf6SkPEyBTMo5jsaL1J1LMyfkSm2KOId5j6owVhbExjblhYFJgVDnW3OKauDAKy87e0FtUq444d2NZ4rvSUKZIHaqhFnePnpkg9jDC3cg4Xk9ZdfFyqm89ubk9rKscQ9nat26jEE/H5fkGT5VOuffQ9oa07Zc2wiysUSXtvcDAWFWLyY4y7CQf5X2Q1+9ti6AzttRGa6z3WPX1EKxGHHLgAoLihBb1/EHBVj0F3gWEWELvaB0C+TSDZZM5bLntRm8THJTBBilrwbCSrDOWGlU9E4bQLlP1AbkSgABhlrgaAlSJip9EQzKgclXNG/V/t1S396MeGE4nr2C46ktrulfF9fC0FV4YjoYh1CnGO0qAnrBDqZDwQZPvoBTa71hiM9qTyoGLyZ6CZO60QUC8K55VdIbtRaCAA0OCwfY4or/Sw6QH2S7z0UNe3uk7wvlD1PcS69QOaaHqKffX1erLmIOaAlfG2tEpC5aCkEDyiV069nTqhWZekALYJtl2M4Ymhyw5EObkmfC1bGCs8TT3VGmjcAu2qkFQSc86v2qlrLPwzDCboDL6ldlcsx4Rt7VStifKe1hhDhZw== t@reda-mac",
            "tags": {
              "Environment": "production",
              "Name": "payment-gateway-k3s-key"
            },
            "tags_all": {
              "Environment": "production",
              "Name": "payment-gateway-k3s-key"
            }
          },
          "sensitive_attributes": [],
          "private": "eyJzY2hlbWFfdmVyc2lvbiI6IjEifQ=="
        }
      ]
    },
    {
      "mode": "managed",
      "type": "aws_route_table",
      "name": "public",
      "provider": "provider[\"registry.terraform.io/hashicorp/aws\"]",
      "instances": [
        {
          "schema_version": 0,
          "attributes": {
            "arn": "arn:aws:ec2:us-east-1:376129851160:route-table/rtb-0b585484b25084f2b",
            "id": "rtb-0b585484b25084f2b",
            "owner_id": "376129851160",
            "propagating_vgws": [],
            "route": [
              {
                "carrier_gateway_id": "",
                "cidr_block": "0.0.0.0/0",
                "core_network_arn": "",
                "destination_prefix_list_id": "",
                "egress_only_gateway_id": "",
                "gateway_id": "igw-00239d5bb38ceb3d4",
                "ipv6_cidr_block": "",
                "local_gateway_id": "",
                "nat_gateway_id": "",
                "network_interface_id": "",
                "transit_gateway_id": "",
                "vpc_endpoint_id": "",
                "vpc_peering_connection_id": ""
              }
            ],
            "tags": {
              "Environment": "production",
              "Name": "payment-gateway-public-rt"
            },
            "tags_all": {
              "Environment": "production",
              "Name": "payment-gateway-public-rt"
            },
            "timeouts": null,
            "vpc_id": "vpc-017808e1c8274b5fb"
          },
          "sensitive_attributes": [],
          "private": "eyJlMmJmYjczMC1lY2FhLTExZTYtOGY4OC0zNDM2M2JjN2M0YzAiOnsiY3JlYXRlIjozMDAwMDAwMDAwMDAsImRlbGV0ZSI6MzAwMDAwMDAwMDAwLCJ1cGRhdGUiOjEyMDAwMDAwMDAwMH19",
          "dependencies": [
            "aws_internet_gateway.main",
            "aws_vpc.main"
          ]
        }
      ]
    },
    {
      "mode": "managed",
      "type": "aws_route_table_association",
      "name": "public",
      "provider": "provider[\"registry.terraform.io/hashicorp/aws\"]",
      "instances": [
        {
          "schema_version": 0,
          "attributes": {
            "gateway_id": "",
            "id": "rtbassoc-0a161a07ef9963a35",
            "route_table_id": "rtb-0b585484b25084f2b",
            "subnet_id": "subnet-02e31fa484d96d4d9",
            "timeouts": null
          },
          "sensitive_attributes": [],
          "private": "eyJlMmJmYjczMC1lY2FhLTExZTYtOGY4OC0zNDM2M2JjN2M0YzAiOnsiY3JlYXRlIjozMDAwMDAwMDAwMDAsImRlbGV0ZSI6MzAwMDAwMDAwMDAwLCJ1cGRhdGUiOjEyMDAwMDAwMDAwMH19",
          "dependencies": [
            "aws_internet_gateway.main",
            "aws_route_table.public",
            "aws_subnet.public",
            "aws_vpc.main",
            "data.aws_availability_zones.available"
          ]
        }
      ]
    },
    {
      "mode": "managed",
      "type": "aws_security_group",
      "name": "k3s",
      "provider": "provider[\"registry.terraform.io/hashicorp/aws\"]",
      "instances": [
        {
          "schema_version": 1,
          "attributes": {
            "arn": "arn:aws:ec2:us-east-1:376129851160:security-group/sg-0719be29b1e4a8af1",
            "description": "Security group for k3s cluster",
            "egress": [
              {
                "cidr_blocks": [
                  "0.0.0.0/0"
                ],
                "description": "All outbound traffic",
                "from_port": 0,
                "ipv6_cidr_blocks": [],
                "prefix_list_ids": [],
                "protocol": "-1",
                "security_groups": [],
                "self": false,
                "to_port": 0
              }
            ],
            "id": "sg-0719be29b1e4a8af1",
            "ingress": [
              {
                "cidr_blocks": [
                  "0.0.0.0/0"
                ],
                "description": "NGINX Ingress HTTP",
                "from_port": 30080,
                "ipv6_cidr_blocks": [],
                "prefix_list_ids": [],
                "protocol": "tcp",
                "security_groups": [],
                "self": false,
                "to_port": 30080
              },
              {
                "cidr_blocks": [
                  "0.0.0.0/0"
                ],
                "description": "NGINX Ingress HTTPS",
                "from_port": 30443,
                "ipv6_cidr_blocks": [],
                "prefix_list_ids": [],
                "protocol": "tcp",
                "security_groups": [],
                "self": false,
                "to_port": 30443
              },
              {
                "cidr_blocks": [
                  "105.158.189.228/32"
                ],
                "description": "Grafana",
                "from_port": 30300,
                "ipv6_cidr_blocks": [],
                "prefix_list_ids": [],
                "protocol": "tcp",
                "security_groups": [],
                "self": false,
                "to_port": 30300
              },
              {
                "cidr_blocks": [
                  "105.158.189.228/32"
                ],
                "description": "Prometheus",
                "from_port": 30090,
                "ipv6_cidr_blocks": [],
                "prefix_list_ids": [],
                "protocol": "tcp",
                "security_groups": [],
                "self": false,
                "to_port": 30090
              },
              {
                "cidr_blocks": [
                  "105.158.189.228/32"
                ],
                "description": "SSH access",
                "from_port": 22,
                "ipv6_cidr_blocks": [],
                "prefix_list_ids": [],
                "protocol": "tcp",
                "security_groups": [],
                "self": false,
                "to_port": 22
              },
              {
                "cidr_blocks": [
                  "105.158.189.228/32"
                ],
                "description": "Vault",
                "from_port": 30820,
                "ipv6_cidr_blocks": [],
                "prefix_list_ids": [],
                "protocol": "tcp",
                "security_groups": [],
                "self": false,
                "to_port": 30820
              },
              {
                "cidr_blocks": [
                  "105.158.189.228/32"
                ],
                "description": "k3s API server",
                "from_port": 6443,
                "ipv6_cidr_blocks": [],
                "prefix_list_ids": [],
                "protocol": "tcp",
                "security_groups": [],
                "self": false,
                "to_port": 6443
              }
            ],
            "name": "payment-gateway-k3s-sg",
            "name_prefix": "",
            "owner_id": "376129851160",
            "revoke_rules_on_delete": false,
            "tags": {
              "Environment": "production",
              "Name": "payment-gateway-k3s-sg"
            },
            "tags_all": {
              "Environment": "production",
              "Name": "payment-gateway-k3s-sg"
            },
            "timeouts": null,
            "vpc_id": "vpc-017808e1c8274b5fb"
          },
          "sensitive_attributes": [],
          "private": "eyJlMmJmYjczMC1lY2FhLTExZTYtOGY4OC0zNDM2M2JjN2M0YzAiOnsiY3JlYXRlIjo2MDAwMDAwMDAwMDAsImRlbGV0ZSI6OTAwMDAwMDAwMDAwfSwic2NoZW1hX3ZlcnNpb24iOiIxIn0=",
          "dependencies": [
            "aws_vpc.main"
          ]
        }
      ]
    },
    {
      "mode": "managed",
      "type": "aws_subnet",
      "name": "public",
      "provider": "provider[\"registry.terraform.io/hashicorp/aws\"]",
      "instances": [
        {
          "schema_version": 1,
          "attributes": {
            "arn": "arn:aws:ec2:us-east-1:376129851160:subnet/subnet-02e31fa484d96d4d9",
            "assign_ipv6_address_on_creation": false,
            "availability_zone": "us-east-1a",
            "availability_zone_id": "use1-az1",
            "cidr_block": "10.0.1.0/24",
            "customer_owned_ipv4_pool": "",
            "enable_dns64": false,
            "enable_lni_at_device_index": 0,
            "enable_resource_name_dns_a_record_on_launch": false,
            "enable_resource_name_dns_aaaa_record_on_launch": false,
            "id": "subnet-02e31fa484d96d4d9",
            "ipv6_cidr_block": "",
            "ipv6_cidr_block_association_id": "",
            "ipv6_native": false,
            "map_customer_owned_ip_on_launch": false,
            "map_public_ip_on_launch": true,
            "outpost_arn": "",
            "owner_id": "376129851160",
            "private_dns_hostname_type_on_launch": "ip-name",
            "tags": {
              "Environment": "production",
              "Name": "payment-gateway-public-subnet"
            },
            "tags_all": {
              "Environment": "production",
              "Name": "payment-gateway-public-subnet"
            },
            "timeouts": null,
            "vpc_id": "vpc-017808e1c8274b5fb"
          },
          "sensitive_attributes": [],
          "private": "eyJlMmJmYjczMC1lY2FhLTExZTYtOGY4OC0zNDM2M2JjN2M0YzAiOnsiY3JlYXRlIjo2MDAwMDAwMDAwMDAsImRlbGV0ZSI6MTIwMDAwMDAwMDAwMH0sInNjaGVtYV92ZXJzaW9uIjoiMSJ9",
          "dependencies": [
            "aws_vpc.main",
            "data.aws_availability_zones.available"
          ]
        }
      ]
    },
    {
      "mode": "managed",
      "type": "aws_vpc",
      "name": "main",
      "provider": "provider[\"registry.terraform.io/hashicorp/aws\"]",
      "instances": [
        {
          "schema_version": 1,
          "attributes": {
            "arn": "arn:aws:ec2:us-east-1:376129851160:vpc/vpc-017808e1c8274b5fb",
            "assign_generated_ipv6_cidr_block": false,
            "cidr_block": "10.0.0.0/16",
            "default_network_acl_id": "acl-0ffd34953462b23de",
            "default_route_table_id": "rtb-0d9fd9bdc32fb6507",
            "default_security_group_id": "sg-0f2b761def9ed820a",
            "dhcp_options_id": "dopt-09c33db2691830a9e",
            "enable_dns_hostnames": true,
            "enable_dns_support": true,
            "enable_network_address_usage_metrics": false,
            "id": "vpc-017808e1c8274b5fb",
            "instance_tenancy": "default",
            "ipv4_ipam_pool_id": null,
            "ipv4_netmask_length": null,
            "ipv6_association_id": "",
            "ipv6_cidr_block": "",
            "ipv6_cidr_block_network_border_group": "",
            "ipv6_ipam_pool_id": "",
            "ipv6_netmask_length": 0,
            "main_route_table_id": "rtb-0d9fd9bdc32fb6507",
            "owner_id": "376129851160",
            "tags": {
              "Environment": "production",
              "ManagedBy": "Terraform",
              "Name": "payment-gateway-vpc"
            },
            "tags_all": {
              "Environment": "production",
              "ManagedBy": "Terraform",
              "Name": "payment-gateway-vpc"
            }
          },
          "sensitive_attributes": [],
          "private": "eyJzY2hlbWFfdmVyc2lvbiI6IjEifQ=="
        }
      ]
    }
  ],
  "check_results": null
}
